
Microsoft Visual Studio Solution File, Format Version 12.00
# Visual Studio 15
VisualStudioVersion = 15.0.27130.2036
MinimumVisualStudioVersion = 10.0.40219.1
Project("{FAE04EC0-301F-11D3-BF4B-00C04F79EFBC}") = "PlayTogether.Domain", "PlayTogether.Domain\PlayTogether.Domain.csproj", "{A3805547-7223-4045-A751-5333CFB23C93}"
EndProject
Project("{FAE04EC0-301F-11D3-BF4B-00C04F79EFBC}") = "PlayTogether.DataAccess", "PlayTogether.DataAccess\PlayTogether.DataAccess.csproj", "{9BF0115E-EFAA-43C8-9C5A-D3A592737EDD}"
EndProject
Project("{FAE04EC0-301F-11D3-BF4B-00C04F79EFBC}") = "PlayTogether.BusinessLogic", "PlayTogether.BusinessLogic\PlayTogether.BusinessLogic.csproj", "{A90B0310-C753-4FD4-A625-3865EC571B36}"
EndProject
Project("{9A19103F-16F7-4668-BE54-9A1E7A4F7556}") = "PlayTogether.WebClient", "PlayTogether.WebClient\PlayTogether.WebClient.csproj", "{55D874B3-708E-4C5B-9933-A31EEDD96CD6}"
EndProject
Project("{9A19103F-16F7-4668-BE54-9A1E7A4F7556}") = "PlayTogether.Web", "PlayTogether.Web\PlayTogether.Web.csproj", "{0775AA09-F3EA-4BED-9F6E-1171F5EEFE22}"
EndProject
Global
	GlobalSection(SolutionConfigurationPlatforms) = preSolution
		Debug|Any CPU = Debug|Any CPU
		Release|Any CPU = Release|Any CPU
	EndGlobalSection
	GlobalSection(ProjectConfigurationPlatforms) = postSolution
		{A3805547-7223-4045-A751-5333CFB23C93}.Debug|Any CPU.ActiveCfg = Debug|Any CPU
		{A3805547-7223-4045-A751-5333CFB23C93}.Debug|Any CPU.Build.0 = Debug|Any CPU
		{A3805547-7223-4045-A751-5333CFB23C93}.Release|Any CPU.ActiveCfg = Release|Any CPU
		{A3805547-7223-4045-A751-5333CFB23C93}.Release|Any CPU.Build.0 = Release|Any CPU
		{9BF0115E-EFAA-43C8-9C5A-D3A592737EDD}.Debug|Any CPU.ActiveCfg = Debug|Any CPU
		{9BF0115E-EFAA-43C8-9C5A-D3A592737EDD}.Debug|Any CPU.Build.0 = Debug|Any CPU
		{9BF0115E-EFAA-43C8-9C5A-D3A592737EDD}.Release|Any CPU.ActiveCfg = Release|Any CPU
		{9BF0115E-EFAA-43C8-9C5A-D3A592737EDD}.Release|Any CPU.Build.0 = Release|Any CPU
		{A90B0310-C753-4FD4-A625-3865EC571B36}.Debug|Any CPU.ActiveCfg = Debug|Any CPU
		{A90B0310-C753-4FD4-A625-3865EC571B36}.Debug|Any CPU.Build.0 = Debug|Any CPU
		{A90B0310-C753-4FD4-A625-3865EC571B36}.Release|Any CPU.ActiveCfg = Release|Any CPU
		{A90B0310-C753-4FD4-A625-3865EC571B36}.Release|Any CPU.Build.0 = Release|Any CPU
		{55D874B3-708E-4C5B-9933-A31EEDD96CD6}.Debug|Any CPU.ActiveCfg = Debug|Any CPU
		{55D874B3-708E-4C5B-9933-A31EEDD96CD6}.Debug|Any CPU.Build.0 = Debug|Any CPU
		{55D874B3-708E-4C5B-9933-A31EEDD96CD6}.Release|Any CPU.ActiveCfg = Release|Any CPU
		{55D874B3-708E-4C5B-9933-A31EEDD96CD6}.Release|Any CPU.Build.0 = Release|Any CPU
		{0775AA09-F3EA-4BED-9F6E-1171F5EEFE22}.Debug|Any CPU.ActiveCfg = Debug|Any CPU
		{0775AA09-F3EA-4BED-9F6E-1171F5EEFE22}.Debug|Any CPU.Build.0 = Debug|Any CPU
		{0775AA09-F3EA-4BED-9F6E-1171F5EEFE22}.Release|Any CPU.ActiveCfg = Release|Any CPU
		{0775AA09-F3EA-4BED-9F6E-1171F5EEFE22}.Release|Any CPU.Build.0 = Release|Any CPU
	EndGlobalSection
	GlobalSection(SolutionProperties) = preSolution
		HideSolutionNode = FALSE
	EndGlobalSection
	GlobalSection(ExtensibilityGlobals) = postSolution
		SolutionGuid = {5848B1A5-CFCC-4658-84DB-B82CB89F3688}
	EndGlobalSection
EndGlobal
